
Microsoft Visual Studio Solution File, Format Version 12.00
# Visual Studio Version 16
VisualStudioVersion = 16.0.29911.84
MinimumVisualStudioVersion = 10.0.40219.1
Project("{FAE04EC0-301F-11D3-BF4B-00C04F79EFBC}") = "Web_Scraper", "Web_Scraper.csproj", "{8F5EC466-F546-47BE-B5A3-944EE6E30E5C}"
EndProject
Global
	GlobalSection(SolutionConfigurationPlatforms) = preSolution
		Debug|Any CPU = Debug|Any CPU
		Release|Any CPU = Release|Any CPU
	EndGlobalSection
	GlobalSection(ProjectConfigurationPlatforms) = postSolution
		{8F5EC466-F546-47BE-B5A3-944EE6E30E5C}.Debug|Any CPU.ActiveCfg = Debug|Any CPU
		{8F5EC466-F546-47BE-B5A3-944EE6E30E5C}.Debug|Any CPU.Build.0 = Debug|Any CPU
		{8F5EC466-F546-47BE-B5A3-944EE6E30E5C}.Release|Any CPU.ActiveCfg = Release|Any CPU
		{8F5EC466-F546-47BE-B5A3-944EE6E30E5C}.Release|Any CPU.Build.0 = Release|Any CPU
	EndGlobalSection
	GlobalSection(SolutionProperties) = preSolution
		HideSolutionNode = FALSE
	EndGlobalSection
	GlobalSection(ExtensibilityGlobals) = postSolution
		SolutionGuid = {0BDB6CD7-C4EC-44C5-B4C4-BB34ECA84181}
	EndGlobalSection
EndGlobal
